
Microsoft Visual Studio Solution File, Format Version 12.00
# Visual Studio 2015
Project("{FAE04EC0-301F-11D3-BF4B-00C04F79EFBC}") = "MortiseAndTenon.Plugins", "MortiseAndTenon.Plugins.csproj", "{0B0F3501-27C2-498B-971D-848AE73226BB}"
EndProject
Project("{FAE04EC0-301F-11D3-BF4B-00C04F79EFBC}") = "MortiseAndTenon", "MortiseAndTenon.csproj", "{EB9440D1-3719-7FC2-BEF0-13134EC60EF0}"
EndProject
Project("{FAE04EC0-301F-11D3-BF4B-00C04F79EFBC}") = "MortiseAndTenon.Editor", "MortiseAndTenon.Editor.csproj", "{2804964A-67DA-996E-31EB-A53C721F9094}"
EndProject
Global
	GlobalSection(SolutionConfigurationPlatforms) = preSolution
		Debug|Any CPU = Debug|Any CPU
		Release|Any CPU = Release|Any CPU
	EndGlobalSection
	GlobalSection(ProjectConfigurationPlatforms) = postSolution
		{0B0F3501-27C2-498B-971D-848AE73226BB}.Debug|Any CPU.ActiveCfg = Debug|Any CPU
		{0B0F3501-27C2-498B-971D-848AE73226BB}.Debug|Any CPU.Build.0 = Debug|Any CPU
		{0B0F3501-27C2-498B-971D-848AE73226BB}.Release|Any CPU.ActiveCfg = Release|Any CPU
		{0B0F3501-27C2-498B-971D-848AE73226BB}.Release|Any CPU.Build.0 = Release|Any CPU
		{EB9440D1-3719-7FC2-BEF0-13134EC60EF0}.Debug|Any CPU.ActiveCfg = Debug|Any CPU
		{EB9440D1-3719-7FC2-BEF0-13134EC60EF0}.Debug|Any CPU.Build.0 = Debug|Any CPU
		{EB9440D1-3719-7FC2-BEF0-13134EC60EF0}.Release|Any CPU.ActiveCfg = Release|Any CPU
		{EB9440D1-3719-7FC2-BEF0-13134EC60EF0}.Release|Any CPU.Build.0 = Release|Any CPU
		{2804964A-67DA-996E-31EB-A53C721F9094}.Debug|Any CPU.ActiveCfg = Debug|Any CPU
		{2804964A-67DA-996E-31EB-A53C721F9094}.Debug|Any CPU.Build.0 = Debug|Any CPU
		{2804964A-67DA-996E-31EB-A53C721F9094}.Release|Any CPU.ActiveCfg = Release|Any CPU
		{2804964A-67DA-996E-31EB-A53C721F9094}.Release|Any CPU.Build.0 = Release|Any CPU
	EndGlobalSection
	GlobalSection(SolutionProperties) = preSolution
		HideSolutionNode = FALSE
	EndGlobalSection
EndGlobal
